
Microsoft Visual Studio Solution File, Format Version 12.00
# Visual Studio 15
VisualStudioVersion = 15.0.28010.2046
MinimumVisualStudioVersion = 10.0.40219.1
Project("{FAE04EC0-301F-11D3-BF4B-00C04F79EFBC}") = "HospitalDemo", "HospitalDemo\HospitalDemo.csproj", "{43D50C6C-5DBB-4A40-AF76-73012273C4D2}"
EndProject
Project("{FAE04EC0-301F-11D3-BF4B-00C04F79EFBC}") = "DAL", "DAL\DAL.csproj", "{D2847E4D-9FEB-4E34-9ED3-58DE16E83AD5}"
EndProject
Global
	GlobalSection(SolutionConfigurationPlatforms) = preSolution
		Debug|Any CPU = Debug|Any CPU
		Release|Any CPU = Release|Any CPU
	EndGlobalSection
	GlobalSection(ProjectConfigurationPlatforms) = postSolution
		{43D50C6C-5DBB-4A40-AF76-73012273C4D2}.Debug|Any CPU.ActiveCfg = Debug|Any CPU
		{43D50C6C-5DBB-4A40-AF76-73012273C4D2}.Debug|Any CPU.Build.0 = Debug|Any CPU
		{43D50C6C-5DBB-4A40-AF76-73012273C4D2}.Release|Any CPU.ActiveCfg = Release|Any CPU
		{43D50C6C-5DBB-4A40-AF76-73012273C4D2}.Release|Any CPU.Build.0 = Release|Any CPU
		{D2847E4D-9FEB-4E34-9ED3-58DE16E83AD5}.Debug|Any CPU.ActiveCfg = Debug|Any CPU
		{D2847E4D-9FEB-4E34-9ED3-58DE16E83AD5}.Debug|Any CPU.Build.0 = Debug|Any CPU
		{D2847E4D-9FEB-4E34-9ED3-58DE16E83AD5}.Release|Any CPU.ActiveCfg = Release|Any CPU
		{D2847E4D-9FEB-4E34-9ED3-58DE16E83AD5}.Release|Any CPU.Build.0 = Release|Any CPU
	EndGlobalSection
	GlobalSection(SolutionProperties) = preSolution
		HideSolutionNode = FALSE
	EndGlobalSection
	GlobalSection(ExtensibilityGlobals) = postSolution
		SolutionGuid = {2ED9B83F-2611-4C95-86B7-EDBD0B528B6F}
	EndGlobalSection
EndGlobal
